# THIS IS AN AUTOGENERATED FILE. DO NOT EDIT THIS FILE DIRECTLY.
# yarn lockfile v1


"@types/uuid@^8.0.0":
  "integrity" "sha512-Y2mHTRAbqfFkpjldbkHGY8JIzRN6XqYRliG8/24FcHm2D2PwW24fl5xMRTVGdrb7iMrwCaIEbLWerGIkXuFWVg=="
  "resolved" "https://registry.npmjs.org/@types/uuid/-/uuid-8.3.1.tgz"
  "version" "8.3.1"

"cordova-plugin-camera@^6.0.0":
  "integrity" "sha512-FTFKep8HZI/2HkX+Gc/dUACfZGV9+k9waXlgoEOKXOiPPR/1zBw29Mw+adcz4FQUpdWyAgYDxNiaPUnP0P+H2Q=="
  "resolved" "https://registry.npmjs.org/cordova-plugin-camera/-/cordova-plugin-camera-6.0.0.tgz"
  "version" "6.0.0"

"cordova-plugin-whitelist@^1.3.4":
  "integrity" "sha512-+v/VzCYBdGsIxJTP2m+RWaq7l/NLu7b976w6XGJUFiN2TVOeaGrytaR4jRy0w9akRai8uKFeBmuGHmlS/sOeCA=="
  "resolved" "https://registry.npmjs.org/cordova-plugin-whitelist/-/cordova-plugin-whitelist-1.3.5.tgz"
  "version" "1.3.5"

"uuid@^8.1.0", "uuid@^8.3.2":
  "integrity" "sha512-+NYs2QeMWy+GWFOEm9xnn6HCDp0l7QBD7ml8zLUmJ+93Q5NF0NocErnwkTkXVFNiX3/fpC6afS8Dhb/gz7R7eg=="
  "resolved" "https://registry.npmjs.org/uuid/-/uuid-8.3.2.tgz"
  "version" "8.3.2"

"vue-uuid@^2.0.2":
  "integrity" "sha512-PRf1CHg3uKi77bVRyAuW2u/T2PO9LxMr7cw9t9rNdpZTkNDyw1Fx6eJVL+8JOtM9VxxPkoZ/rwhXJ5l+X5AYzQ=="
  "resolved" "https://registry.npmjs.org/vue-uuid/-/vue-uuid-2.0.2.tgz"
  "version" "2.0.2"
  dependencies:
    "@types/uuid" "^8.0.0"
    "uuid" "^8.1.0"
